
Microsoft Visual Studio Solution File, Format Version 12.00
# Visual Studio 15
VisualStudioVersion = 15.0.27004.2008
MinimumVisualStudioVersion = 10.0.40219.1
Project("{FAE04EC0-301F-11D3-BF4B-00C04F79EFBC}") = "CoffeeMachine", "CoffeeMachine\CoffeeMachine.csproj", "{DCEF405A-136C-4F6B-9A99-88AC91A2A841}"
EndProject
Project("{FAE04EC0-301F-11D3-BF4B-00C04F79EFBC}") = "CoffeeMachine.core", "CoffeeMachine.core\CoffeeMachine.core.csproj", "{36CFC571-9E6B-4158-A5B9-F3B9AE56057B}"
EndProject
Project("{FAE04EC0-301F-11D3-BF4B-00C04F79EFBC}") = "CoffeeLachineAPIs", "CoffeeLachineAPIs\CoffeeLachineAPIs.csproj", "{210E1076-D3D4-4A29-9784-995352A56FC8}"
EndProject
Project("{FAE04EC0-301F-11D3-BF4B-00C04F79EFBC}") = "CoffeeMachineTest", "CoffeeMachineTest\CoffeeMachineTest.csproj", "{CCAA6AED-A27E-4E27-9A27-512762AFEAB2}"
EndProject
Project("{FAE04EC0-301F-11D3-BF4B-00C04F79EFBC}") = "CoffeeMachineTest.Tests", "CoffeeMachineTest.Tests\CoffeeMachineTest.Tests.csproj", "{D1A1D754-612D-4F02-89B9-DD7E8764CB75}"
EndProject
Global
	GlobalSection(SolutionConfigurationPlatforms) = preSolution
		Debug|Any CPU = Debug|Any CPU
		Release|Any CPU = Release|Any CPU
	EndGlobalSection
	GlobalSection(ProjectConfigurationPlatforms) = postSolution
		{DCEF405A-136C-4F6B-9A99-88AC91A2A841}.Debug|Any CPU.ActiveCfg = Debug|Any CPU
		{DCEF405A-136C-4F6B-9A99-88AC91A2A841}.Debug|Any CPU.Build.0 = Debug|Any CPU
		{DCEF405A-136C-4F6B-9A99-88AC91A2A841}.Release|Any CPU.ActiveCfg = Release|Any CPU
		{DCEF405A-136C-4F6B-9A99-88AC91A2A841}.Release|Any CPU.Build.0 = Release|Any CPU
		{36CFC571-9E6B-4158-A5B9-F3B9AE56057B}.Debug|Any CPU.ActiveCfg = Debug|Any CPU
		{36CFC571-9E6B-4158-A5B9-F3B9AE56057B}.Debug|Any CPU.Build.0 = Debug|Any CPU
		{36CFC571-9E6B-4158-A5B9-F3B9AE56057B}.Release|Any CPU.ActiveCfg = Release|Any CPU
		{36CFC571-9E6B-4158-A5B9-F3B9AE56057B}.Release|Any CPU.Build.0 = Release|Any CPU
		{210E1076-D3D4-4A29-9784-995352A56FC8}.Debug|Any CPU.ActiveCfg = Debug|Any CPU
		{210E1076-D3D4-4A29-9784-995352A56FC8}.Debug|Any CPU.Build.0 = Debug|Any CPU
		{210E1076-D3D4-4A29-9784-995352A56FC8}.Release|Any CPU.ActiveCfg = Release|Any CPU
		{210E1076-D3D4-4A29-9784-995352A56FC8}.Release|Any CPU.Build.0 = Release|Any CPU
		{CCAA6AED-A27E-4E27-9A27-512762AFEAB2}.Debug|Any CPU.ActiveCfg = Debug|Any CPU
		{CCAA6AED-A27E-4E27-9A27-512762AFEAB2}.Debug|Any CPU.Build.0 = Debug|Any CPU
		{CCAA6AED-A27E-4E27-9A27-512762AFEAB2}.Release|Any CPU.ActiveCfg = Release|Any CPU
		{CCAA6AED-A27E-4E27-9A27-512762AFEAB2}.Release|Any CPU.Build.0 = Release|Any CPU
		{D1A1D754-612D-4F02-89B9-DD7E8764CB75}.Debug|Any CPU.ActiveCfg = Debug|Any CPU
		{D1A1D754-612D-4F02-89B9-DD7E8764CB75}.Debug|Any CPU.Build.0 = Debug|Any CPU
		{D1A1D754-612D-4F02-89B9-DD7E8764CB75}.Release|Any CPU.ActiveCfg = Release|Any CPU
		{D1A1D754-612D-4F02-89B9-DD7E8764CB75}.Release|Any CPU.Build.0 = Release|Any CPU
	EndGlobalSection
	GlobalSection(SolutionProperties) = preSolution
		HideSolutionNode = FALSE
	EndGlobalSection
	GlobalSection(ExtensibilityGlobals) = postSolution
		SolutionGuid = {9DE2E4B3-2488-459D-9D85-A6DF491A58A7}
	EndGlobalSection
EndGlobal
